{
  "name": "nanovgjs-gui-demos",
  "lockfileVersion": 3,
  "requires": true,
  "packages": {
    "": {
      "name": "nanovgjs-gui-demos",
      "dependencies": {
        "nanovgjs": "^0.1.0"
      }
    },
    "node_modules/nanovgjs": {
      "version": "0.1.0",
      "resolved": "https://registry.npmjs.org/nanovgjs/-/nanovgjs-0.1.0.tgz",
      "integrity": "sha512-d7yADp9AU8AuESW+YOA5WDajaawDbqUpGrEs5+Nh4hak/NfRvhujGWfuIuboKdJnG0jMLPbmkJHaYQZbxrwGSA==",
      "license": "Zlib"
    }
  }
}
